
Microsoft Visual Studio Solution File, Format Version 12.00
# Visual Studio Version 17
VisualStudioVersion = 17.1.32210.238
MinimumVisualStudioVersion = 10.0.40219.1
Project("{FAE04EC0-301F-11D3-BF4B-00C04F79EFBC}") = "Menudelegaet", "Menudelegaet.csproj", "{47BF1E1F-8838-4D4F-AC83-2998FEBE205E}"
EndProject
Global
	GlobalSection(SolutionConfigurationPlatforms) = preSolution
		Debug|Any CPU = Debug|Any CPU
		Release|Any CPU = Release|Any CPU
	EndGlobalSection
	GlobalSection(ProjectConfigurationPlatforms) = postSolution
		{47BF1E1F-8838-4D4F-AC83-2998FEBE205E}.Debug|Any CPU.ActiveCfg = Debug|Any CPU
		{47BF1E1F-8838-4D4F-AC83-2998FEBE205E}.Debug|Any CPU.Build.0 = Debug|Any CPU
		{47BF1E1F-8838-4D4F-AC83-2998FEBE205E}.Release|Any CPU.ActiveCfg = Release|Any CPU
		{47BF1E1F-8838-4D4F-AC83-2998FEBE205E}.Release|Any CPU.Build.0 = Release|Any CPU
	EndGlobalSection
	GlobalSection(SolutionProperties) = preSolution
		HideSolutionNode = FALSE
	EndGlobalSection
	GlobalSection(ExtensibilityGlobals) = postSolution
		SolutionGuid = {295E3972-2F0D-4BCC-8BD2-DE36A362C6D6}
	EndGlobalSection
EndGlobal
